
Microsoft Visual Studio Solution File, Format Version 12.00
# Visual Studio Version 16
VisualStudioVersion = 16.0.31515.178
MinimumVisualStudioVersion = 10.0.40219.1
Project("{FAE04EC0-301F-11D3-BF4B-00C04F79EFBC}") = "SpecificationPattern", "SpecificationPattern\SpecificationPattern.csproj", "{E86E40A7-C9C8-46A1-9D4A-985F87FDE720}"
EndProject
Global
	GlobalSection(SolutionConfigurationPlatforms) = preSolution
		Debug|Any CPU = Debug|Any CPU
		Release|Any CPU = Release|Any CPU
	EndGlobalSection
	GlobalSection(ProjectConfigurationPlatforms) = postSolution
		{E86E40A7-C9C8-46A1-9D4A-985F87FDE720}.Debug|Any CPU.ActiveCfg = Debug|Any CPU
		{E86E40A7-C9C8-46A1-9D4A-985F87FDE720}.Debug|Any CPU.Build.0 = Debug|Any CPU
		{E86E40A7-C9C8-46A1-9D4A-985F87FDE720}.Release|Any CPU.ActiveCfg = Release|Any CPU
		{E86E40A7-C9C8-46A1-9D4A-985F87FDE720}.Release|Any CPU.Build.0 = Release|Any CPU
	EndGlobalSection
	GlobalSection(SolutionProperties) = preSolution
		HideSolutionNode = FALSE
	EndGlobalSection
	GlobalSection(ExtensibilityGlobals) = postSolution
		SolutionGuid = {2DCF6E08-A051-4641-816D-5685CC3DCA8B}
	EndGlobalSection
EndGlobal
